{
  "name": "@xnate-cli/exec",
  "version": "1.0.0",
  "lockfileVersion": 2,
  "requires": true,
  "packages": {
    "": {
      "name": "@xnate-cli/exec",
      "version": "1.0.0",
      "license": "ISC",
      "dependencies": {
        "@xnate-cli/log": "file:../../utils/log",
        "@xnate-cli/package": "file:../../models/package",
        "@xnate-cli/utils": "file:../../utils/utils"
      }
    },
    "../../models/package": {
      "name": "@xnate-cli/package",
      "version": "1.0.0",
      "license": "ISC",
      "dependencies": {
        "@xnate-cli/command": "file:../../models/command",
        "@xnate-cli/format-path": "file:../../utils/format-path",
        "@xnate-cli/npm-info": "file:../../utils/npm-info",
        "@xnate-cli/utils": "file:../../utils/utils",
        "fs-extra": "^10.1.0",
        "npminstall": "^6.5.0",
        "path-exists": "^4.0.0",
        "pkg-dir": "^5.0.0"
      }
    },
    "../../utils/log": {
      "name": "@xnate-cli/log",
      "version": "1.0.0",
      "license": "ISC",
      "dependencies": {
        "npmlog": "^6.0.2"
      }
    },
    "../../utils/utils": {
      "version": "1.0.4",
      "license": "ISC"
    },
    "node_modules/@xnate-cli/log": {
      "resolved": "../../utils/log",
      "link": true
    },
    "node_modules/@xnate-cli/package": {
      "resolved": "../../models/package",
      "link": true
    },
    "node_modules/@xnate-cli/utils": {
      "resolved": "../../utils/utils",
      "link": true
    }
  },
  "dependencies": {
    "@xnate-cli/log": {
      "version": "file:../../utils/log",
      "requires": {
        "npmlog": "^6.0.2"
      }
    },
    "@xnate-cli/package": {
      "version": "file:../../models/package",
      "requires": {
        "@xnate-cli/command": "file:../command",
        "@xnate-cli/format-path": "file:../../utils/format-path",
        "@xnate-cli/npm-info": "file:../../utils/npm-info",
        "@xnate-cli/utils": "file:../../utils/utils",
        "fs-extra": "^10.1.0",
        "npminstall": "^6.5.0",
        "path-exists": "^4.0.0",
        "pkg-dir": "^5.0.0"
      }
    },
    "@xnate-cli/utils": {
      "version": "file:../../utils/utils"
    }
  }
}
